{
  "name": "movieapp",
  "version": "1.0.0",
  "lockfileVersion": 3,
  "requires": true,
  "packages": {
    "": {
      "name": "movieapp",
      "version": "1.0.0",
      "license": "ISC",
      "dependencies": {
        "nodenv": "^0.1.0"
      }
    },
    "node_modules/nodenv": {
      "version": "0.1.0",
      "resolved": "https://registry.npmjs.org/nodenv/-/nodenv-0.1.0.tgz",
      "integrity": "sha512-fajJ9tbIchvqb/D6PXW5ZVfJu4Z79fncDxW9fMdvpTSEMjfUTlGDFEcoH3OC4vH3Erdg/NGZ8cO8ROltfQC3ig==",
      "os": [
        "!win32"
      ],
      "bin": {
        "nodenv": "bin/nenv"
      },
      "engines": {
        "node": "*"
      }
    }
  }
}
